
Microsoft Visual Studio Solution File, Format Version 12.00
# Visual Studio Version 16
VisualStudioVersion = 16.0.32228.343
MinimumVisualStudioVersion = 10.0.40219.1
Project("{9A19103F-16F7-4668-BE54-9A1E7A4F7556}") = "ejercicio-l01", "ejercicio-l01\ejercicio-l01.csproj", "{DD650B45-BF26-4801-AC09-CA8B4852071C}"
EndProject
Project("{9A19103F-16F7-4668-BE54-9A1E7A4F7556}") = "ejercicio-l02", "ejercicio-l02\ejercicio-l02.csproj", "{B26F1147-5214-4465-B1EA-908A36A6C350}"
EndProject
Project("{9A19103F-16F7-4668-BE54-9A1E7A4F7556}") = "ejercicio-l03", "ejercicio-l03\ejercicio-l03.csproj", "{458ADDFA-3A48-4402-8127-2DCB8092218E}"
EndProject
Project("{9A19103F-16F7-4668-BE54-9A1E7A4F7556}") = "ejercicio-l04", "ejercicio-l04\ejercicio-l04.csproj", "{BC76BF7E-CE10-417F-B723-EE81542A195B}"
EndProject
Project("{9A19103F-16F7-4668-BE54-9A1E7A4F7556}") = "ejercicio-l05", "ejercicio-l05\ejercicio-l05.csproj", "{DB6D71A5-8D58-437D-BE2A-7A198F132A87}"
EndProject
Project("{FAE04EC0-301F-11D3-BF4B-00C04F79EFBC}") = "ejercicio-l06", "ejercicio-l06\ejercicio-l06.csproj", "{643CB081-9B62-4064-A64B-1D7374476A87}"
EndProject
Project("{FAE04EC0-301F-11D3-BF4B-00C04F79EFBC}") = "ejericicio-l07", "ejericicio-l07\ejericicio-l07.csproj", "{00B3EE85-49EF-4989-A3D9-FCCD66AD010E}"
EndProject
Project("{FAE04EC0-301F-11D3-BF4B-00C04F79EFBC}") = "ejercicio-l08", "ejercicio-l08\ejercicio-l08.csproj", "{CE94FA1E-38E5-4AAE-B474-9BB05B698F1B}"
EndProject
Global
	GlobalSection(SolutionConfigurationPlatforms) = preSolution
		Debug|Any CPU = Debug|Any CPU
		Release|Any CPU = Release|Any CPU
	EndGlobalSection
	GlobalSection(ProjectConfigurationPlatforms) = postSolution
		{DD650B45-BF26-4801-AC09-CA8B4852071C}.Debug|Any CPU.ActiveCfg = Debug|Any CPU
		{DD650B45-BF26-4801-AC09-CA8B4852071C}.Debug|Any CPU.Build.0 = Debug|Any CPU
		{DD650B45-BF26-4801-AC09-CA8B4852071C}.Release|Any CPU.ActiveCfg = Release|Any CPU
		{DD650B45-BF26-4801-AC09-CA8B4852071C}.Release|Any CPU.Build.0 = Release|Any CPU
		{B26F1147-5214-4465-B1EA-908A36A6C350}.Debug|Any CPU.ActiveCfg = Debug|Any CPU
		{B26F1147-5214-4465-B1EA-908A36A6C350}.Debug|Any CPU.Build.0 = Debug|Any CPU
		{B26F1147-5214-4465-B1EA-908A36A6C350}.Release|Any CPU.ActiveCfg = Release|Any CPU
		{B26F1147-5214-4465-B1EA-908A36A6C350}.Release|Any CPU.Build.0 = Release|Any CPU
		{458ADDFA-3A48-4402-8127-2DCB8092218E}.Debug|Any CPU.ActiveCfg = Debug|Any CPU
		{458ADDFA-3A48-4402-8127-2DCB8092218E}.Debug|Any CPU.Build.0 = Debug|Any CPU
		{458ADDFA-3A48-4402-8127-2DCB8092218E}.Release|Any CPU.ActiveCfg = Release|Any CPU
		{458ADDFA-3A48-4402-8127-2DCB8092218E}.Release|Any CPU.Build.0 = Release|Any CPU
		{BC76BF7E-CE10-417F-B723-EE81542A195B}.Debug|Any CPU.ActiveCfg = Debug|Any CPU
		{BC76BF7E-CE10-417F-B723-EE81542A195B}.Debug|Any CPU.Build.0 = Debug|Any CPU
		{BC76BF7E-CE10-417F-B723-EE81542A195B}.Release|Any CPU.ActiveCfg = Release|Any CPU
		{BC76BF7E-CE10-417F-B723-EE81542A195B}.Release|Any CPU.Build.0 = Release|Any CPU
		{DB6D71A5-8D58-437D-BE2A-7A198F132A87}.Debug|Any CPU.ActiveCfg = Debug|Any CPU
		{DB6D71A5-8D58-437D-BE2A-7A198F132A87}.Debug|Any CPU.Build.0 = Debug|Any CPU
		{DB6D71A5-8D58-437D-BE2A-7A198F132A87}.Release|Any CPU.ActiveCfg = Release|Any CPU
		{DB6D71A5-8D58-437D-BE2A-7A198F132A87}.Release|Any CPU.Build.0 = Release|Any CPU
		{643CB081-9B62-4064-A64B-1D7374476A87}.Debug|Any CPU.ActiveCfg = Debug|Any CPU
		{643CB081-9B62-4064-A64B-1D7374476A87}.Debug|Any CPU.Build.0 = Debug|Any CPU
		{643CB081-9B62-4064-A64B-1D7374476A87}.Release|Any CPU.ActiveCfg = Release|Any CPU
		{643CB081-9B62-4064-A64B-1D7374476A87}.Release|Any CPU.Build.0 = Release|Any CPU
		{00B3EE85-49EF-4989-A3D9-FCCD66AD010E}.Debug|Any CPU.ActiveCfg = Debug|Any CPU
		{00B3EE85-49EF-4989-A3D9-FCCD66AD010E}.Debug|Any CPU.Build.0 = Debug|Any CPU
		{00B3EE85-49EF-4989-A3D9-FCCD66AD010E}.Release|Any CPU.ActiveCfg = Release|Any CPU
		{00B3EE85-49EF-4989-A3D9-FCCD66AD010E}.Release|Any CPU.Build.0 = Release|Any CPU
		{CE94FA1E-38E5-4AAE-B474-9BB05B698F1B}.Debug|Any CPU.ActiveCfg = Debug|Any CPU
		{CE94FA1E-38E5-4AAE-B474-9BB05B698F1B}.Debug|Any CPU.Build.0 = Debug|Any CPU
		{CE94FA1E-38E5-4AAE-B474-9BB05B698F1B}.Release|Any CPU.ActiveCfg = Release|Any CPU
		{CE94FA1E-38E5-4AAE-B474-9BB05B698F1B}.Release|Any CPU.Build.0 = Release|Any CPU
	EndGlobalSection
	GlobalSection(SolutionProperties) = preSolution
		HideSolutionNode = FALSE
	EndGlobalSection
	GlobalSection(ExtensibilityGlobals) = postSolution
		SolutionGuid = {8F558650-811D-444E-9530-9A08EEE13FA7}
	EndGlobalSection
EndGlobal
