
Microsoft Visual Studio Solution File, Format Version 12.00
# Visual Studio Version 16
VisualStudioVersion = 16.0.32228.343
MinimumVisualStudioVersion = 10.0.40219.1
Project("{FAE04EC0-301F-11D3-BF4B-00C04F79EFBC}") = "ejercicio-l01", "ejercicio-l01\ejercicio-l01.csproj", "{50D30142-DE45-46E9-9981-30B3CD77D055}"
EndProject
Project("{2150E333-8FDC-42A3-9474-1A3956D46DE8}") = "1-introduccion", "1-introduccion", "{76754CBA-920C-4D5F-8F14-18BAA277B73C}"
EndProject
Project("{2150E333-8FDC-42A3-9474-1A3956D46DE8}") = "2-clases_y_metodos", "2-clases_y_metodos", "{6F846CCE-1CE1-4A49-A976-E1474D8E6B35}"
EndProject
Project("{FAE04EC0-301F-11D3-BF4B-00C04F79EFBC}") = "ejercicio-l02", "ejercicio-l02\ejercicio-l02.csproj", "{CF86E14C-B521-42B7-B9AE-D83B3F089F41}"
EndProject
Project("{FAE04EC0-301F-11D3-BF4B-00C04F79EFBC}") = "ejercicio-l03", "ejercicio-l03\ejercicio-l03.csproj", "{92B3FE20-D22E-43DA-A3F7-ABA97476924F}"
EndProject
Project("{FAE04EC0-301F-11D3-BF4B-00C04F79EFBC}") = "ejercicio-l04", "ejercicio-l04\ejercicio-l04.csproj", "{5EE849EE-9009-4454-9EBF-CEEB34E0C900}"
EndProject
Project("{FAE04EC0-301F-11D3-BF4B-00C04F79EFBC}") = "ejercicio-l05", "ejercicio-l05\ejercicio-l05.csproj", "{A6D9451C-D69C-4076-8B23-3AB6CD002357}"
EndProject
Project("{FAE04EC0-301F-11D3-BF4B-00C04F79EFBC}") = "ejercicio-l06", "ejercicio-l06\ejercicio-l06.csproj", "{C26D0BA9-8B33-4346-8DD4-8B0879D4F72A}"
EndProject
Project("{FAE04EC0-301F-11D3-BF4B-00C04F79EFBC}") = "ejercicio-l07", "ejercicio-l07\ejercicio-l07.csproj", "{4AAFEDE2-4BFA-4EA4-918B-1E404B446885}"
EndProject
Project("{FAE04EC0-301F-11D3-BF4B-00C04F79EFBC}") = "ejercicio-l08", "ejercicio-l08\ejercicio-l08.csproj", "{CD1BBEEC-30AA-40BD-9BA2-E879DCCCA1FB}"
EndProject
Project("{FAE04EC0-301F-11D3-BF4B-00C04F79EFBC}") = "ejercicio-l09", "ejercicio-l09\ejercicio-l09.csproj", "{C62EDDA3-D37C-48B0-BAFE-740745CAC950}"
EndProject
Global
	GlobalSection(SolutionConfigurationPlatforms) = preSolution
		Debug|Any CPU = Debug|Any CPU
		Release|Any CPU = Release|Any CPU
	EndGlobalSection
	GlobalSection(ProjectConfigurationPlatforms) = postSolution
		{50D30142-DE45-46E9-9981-30B3CD77D055}.Debug|Any CPU.ActiveCfg = Debug|Any CPU
		{50D30142-DE45-46E9-9981-30B3CD77D055}.Debug|Any CPU.Build.0 = Debug|Any CPU
		{50D30142-DE45-46E9-9981-30B3CD77D055}.Release|Any CPU.ActiveCfg = Release|Any CPU
		{50D30142-DE45-46E9-9981-30B3CD77D055}.Release|Any CPU.Build.0 = Release|Any CPU
		{CF86E14C-B521-42B7-B9AE-D83B3F089F41}.Debug|Any CPU.ActiveCfg = Debug|Any CPU
		{CF86E14C-B521-42B7-B9AE-D83B3F089F41}.Debug|Any CPU.Build.0 = Debug|Any CPU
		{CF86E14C-B521-42B7-B9AE-D83B3F089F41}.Release|Any CPU.ActiveCfg = Release|Any CPU
		{CF86E14C-B521-42B7-B9AE-D83B3F089F41}.Release|Any CPU.Build.0 = Release|Any CPU
		{92B3FE20-D22E-43DA-A3F7-ABA97476924F}.Debug|Any CPU.ActiveCfg = Debug|Any CPU
		{92B3FE20-D22E-43DA-A3F7-ABA97476924F}.Debug|Any CPU.Build.0 = Debug|Any CPU
		{92B3FE20-D22E-43DA-A3F7-ABA97476924F}.Release|Any CPU.ActiveCfg = Release|Any CPU
		{92B3FE20-D22E-43DA-A3F7-ABA97476924F}.Release|Any CPU.Build.0 = Release|Any CPU
		{5EE849EE-9009-4454-9EBF-CEEB34E0C900}.Debug|Any CPU.ActiveCfg = Debug|Any CPU
		{5EE849EE-9009-4454-9EBF-CEEB34E0C900}.Debug|Any CPU.Build.0 = Debug|Any CPU
		{5EE849EE-9009-4454-9EBF-CEEB34E0C900}.Release|Any CPU.ActiveCfg = Release|Any CPU
		{5EE849EE-9009-4454-9EBF-CEEB34E0C900}.Release|Any CPU.Build.0 = Release|Any CPU
		{A6D9451C-D69C-4076-8B23-3AB6CD002357}.Debug|Any CPU.ActiveCfg = Debug|Any CPU
		{A6D9451C-D69C-4076-8B23-3AB6CD002357}.Debug|Any CPU.Build.0 = Debug|Any CPU
		{A6D9451C-D69C-4076-8B23-3AB6CD002357}.Release|Any CPU.ActiveCfg = Release|Any CPU
		{A6D9451C-D69C-4076-8B23-3AB6CD002357}.Release|Any CPU.Build.0 = Release|Any CPU
		{C26D0BA9-8B33-4346-8DD4-8B0879D4F72A}.Debug|Any CPU.ActiveCfg = Debug|Any CPU
		{C26D0BA9-8B33-4346-8DD4-8B0879D4F72A}.Debug|Any CPU.Build.0 = Debug|Any CPU
		{C26D0BA9-8B33-4346-8DD4-8B0879D4F72A}.Release|Any CPU.ActiveCfg = Release|Any CPU
		{C26D0BA9-8B33-4346-8DD4-8B0879D4F72A}.Release|Any CPU.Build.0 = Release|Any CPU
		{4AAFEDE2-4BFA-4EA4-918B-1E404B446885}.Debug|Any CPU.ActiveCfg = Debug|Any CPU
		{4AAFEDE2-4BFA-4EA4-918B-1E404B446885}.Debug|Any CPU.Build.0 = Debug|Any CPU
		{4AAFEDE2-4BFA-4EA4-918B-1E404B446885}.Release|Any CPU.ActiveCfg = Release|Any CPU
		{4AAFEDE2-4BFA-4EA4-918B-1E404B446885}.Release|Any CPU.Build.0 = Release|Any CPU
		{CD1BBEEC-30AA-40BD-9BA2-E879DCCCA1FB}.Debug|Any CPU.ActiveCfg = Debug|Any CPU
		{CD1BBEEC-30AA-40BD-9BA2-E879DCCCA1FB}.Debug|Any CPU.Build.0 = Debug|Any CPU
		{CD1BBEEC-30AA-40BD-9BA2-E879DCCCA1FB}.Release|Any CPU.ActiveCfg = Release|Any CPU
		{CD1BBEEC-30AA-40BD-9BA2-E879DCCCA1FB}.Release|Any CPU.Build.0 = Release|Any CPU
		{C62EDDA3-D37C-48B0-BAFE-740745CAC950}.Debug|Any CPU.ActiveCfg = Debug|Any CPU
		{C62EDDA3-D37C-48B0-BAFE-740745CAC950}.Debug|Any CPU.Build.0 = Debug|Any CPU
		{C62EDDA3-D37C-48B0-BAFE-740745CAC950}.Release|Any CPU.ActiveCfg = Release|Any CPU
		{C62EDDA3-D37C-48B0-BAFE-740745CAC950}.Release|Any CPU.Build.0 = Release|Any CPU
	EndGlobalSection
	GlobalSection(SolutionProperties) = preSolution
		HideSolutionNode = FALSE
	EndGlobalSection
	GlobalSection(NestedProjects) = preSolution
		{50D30142-DE45-46E9-9981-30B3CD77D055} = {76754CBA-920C-4D5F-8F14-18BAA277B73C}
		{CF86E14C-B521-42B7-B9AE-D83B3F089F41} = {76754CBA-920C-4D5F-8F14-18BAA277B73C}
		{92B3FE20-D22E-43DA-A3F7-ABA97476924F} = {76754CBA-920C-4D5F-8F14-18BAA277B73C}
		{5EE849EE-9009-4454-9EBF-CEEB34E0C900} = {76754CBA-920C-4D5F-8F14-18BAA277B73C}
		{A6D9451C-D69C-4076-8B23-3AB6CD002357} = {76754CBA-920C-4D5F-8F14-18BAA277B73C}
		{C26D0BA9-8B33-4346-8DD4-8B0879D4F72A} = {76754CBA-920C-4D5F-8F14-18BAA277B73C}
		{4AAFEDE2-4BFA-4EA4-918B-1E404B446885} = {76754CBA-920C-4D5F-8F14-18BAA277B73C}
		{CD1BBEEC-30AA-40BD-9BA2-E879DCCCA1FB} = {76754CBA-920C-4D5F-8F14-18BAA277B73C}
		{C62EDDA3-D37C-48B0-BAFE-740745CAC950} = {76754CBA-920C-4D5F-8F14-18BAA277B73C}
	EndGlobalSection
	GlobalSection(ExtensibilityGlobals) = postSolution
		SolutionGuid = {80F92852-8F94-44F6-941B-35ECA25E0211}
	EndGlobalSection
EndGlobal
