
Microsoft Visual Studio Solution File, Format Version 12.00
# Visual Studio Version 16
VisualStudioVersion = 16.0.32228.343
MinimumVisualStudioVersion = 10.0.40219.1
Project("{9A19103F-16F7-4668-BE54-9A1E7A4F7556}") = "clase_22-3", "clase_22-3\clase_22-3.csproj", "{7DF3F254-02A4-42E9-B732-D336CC66FA20}"
EndProject
Project("{9A19103F-16F7-4668-BE54-9A1E7A4F7556}") = "clase_23-3", "clase_23-3\clase_23-3.csproj", "{0966563E-1CE1-44F2-B05B-28CA49A5339E}"
EndProject
Global
	GlobalSection(SolutionConfigurationPlatforms) = preSolution
		Debug|Any CPU = Debug|Any CPU
		Release|Any CPU = Release|Any CPU
	EndGlobalSection
	GlobalSection(ProjectConfigurationPlatforms) = postSolution
		{7DF3F254-02A4-42E9-B732-D336CC66FA20}.Debug|Any CPU.ActiveCfg = Debug|Any CPU
		{7DF3F254-02A4-42E9-B732-D336CC66FA20}.Debug|Any CPU.Build.0 = Debug|Any CPU
		{7DF3F254-02A4-42E9-B732-D336CC66FA20}.Release|Any CPU.ActiveCfg = Release|Any CPU
		{7DF3F254-02A4-42E9-B732-D336CC66FA20}.Release|Any CPU.Build.0 = Release|Any CPU
		{0966563E-1CE1-44F2-B05B-28CA49A5339E}.Debug|Any CPU.ActiveCfg = Debug|Any CPU
		{0966563E-1CE1-44F2-B05B-28CA49A5339E}.Debug|Any CPU.Build.0 = Debug|Any CPU
		{0966563E-1CE1-44F2-B05B-28CA49A5339E}.Release|Any CPU.ActiveCfg = Release|Any CPU
		{0966563E-1CE1-44F2-B05B-28CA49A5339E}.Release|Any CPU.Build.0 = Release|Any CPU
	EndGlobalSection
	GlobalSection(SolutionProperties) = preSolution
		HideSolutionNode = FALSE
	EndGlobalSection
	GlobalSection(ExtensibilityGlobals) = postSolution
		SolutionGuid = {66C5256E-EF68-4248-A9E5-B34809223B53}
	EndGlobalSection
EndGlobal
